<?xml version="1.0" encoding="utf-8"?>
<Project ToolsVersion="4.0" xmlns="http://schemas.microsoft.com/developer/msbuild/2003">
  <ItemGroup>
    <Filter Include="Source Files">
      <UniqueIdentifier>{4FC737F1-C7A5-4376-A066-2A32D752A2FF}</UniqueIdentifier>
      <Extensions>cpp;c;cc;cxx;def;odl;idl;hpj;bat;asm;asmx</Extensions>
    </Filter>
    <Filter Include="Header Files">
      <UniqueIdentifier>{93995380-89BD-4b04-88EB-625FBE52EBFB}</UniqueIdentifier>
      <Extensions>h;hh;hpp;hxx;hm;inl;inc;xsd</Extensions>
    </Filter>
    <Filter Include="Resource Files">
      <UniqueIdentifier>{67DA6AB6-F800-4c08-8B7A-83BB121AAD01}</UniqueIdentifier>
      <Extensions>rc;ico;cur;bmp;dlg;rc2;rct;bin;rgs;gif;jpg;jpeg;jpe;resx;tiff;tif;png;wav;mfcribbon-ms</Extensions>
    </Filter>
    <Filter Include="Source Files\GfxAPI">
      <UniqueIdentifier>{1917f031-9998-40ba-9bf8-35accae7dab5}</UniqueIdentifier>
    </Filter>
    <Filter Include="Source Files\GfxAPIVulkan">
      <UniqueIdentifier>{ab51d8d1-ffbb-4ebc-9663-2c537950ebef}</UniqueIdentifier>
    </Filter>
    <Filter Include="Source Files\GfxAPINull">
      <UniqueIdentifier>{0fc48dd5-fb4f-4138-987a-a89581f431e7}</UniqueIdentifier>
    </Filter>
  </ItemGroup>
  <ItemGroup>
    <ClCompile Include="VulcanTest.cpp">
      <Filter>Source Files</Filter>
    </ClCompile>
    <ClCompile Include="Application.cpp">
      <Filter>Source Files</Filter>
    </ClCompile>
    <ClCompile Include="GfxAPI\GfxAPI.cpp">
      <Filter>Source Files\GfxAPI</Filter>
    </ClCompile>
    <ClCompile Include="GfxAPIVulkan\GfxAPIVulkan.cpp">
      <Filter>Source Files\GfxAPIVulkan</Filter>
    </ClCompile>
    <ClCompile Include="GfxAPINull\GfxAPINull.cpp">
      <Filter>Source Files\GfxAPINull</Filter>
    </ClCompile>
    <ClCompile Include="Options.cpp">
      <Filter>Source Files</Filter>
    </ClCompile>
    <ClCompile Include="GfxAPI\Window.cpp">
      <Filter>Source Files\GfxAPI</Filter>
    </ClCompile>
  </ItemGroup>
  <ItemGroup>
    <ClInclude Include="Application.h">
      <Filter>Source Files</Filter>
    </ClInclude>
    <ClInclude Include="GfxAPI\GfxAPI.h">
      <Filter>Source Files\GfxAPI</Filter>
    </ClInclude>
    <ClInclude Include="GfxAPINull\GfxAPINull.h">
      <Filter>Source Files\GfxAPINull</Filter>
    </ClInclude>
    <ClInclude Include="GfxAPIVulkan\GfxAPIVulkan.h">
      <Filter>Source Files\GfxAPIVulkan</Filter>
    </ClInclude>
    <ClInclude Include="PrecompiledHeader.h">
      <Filter>Source Files</Filter>
    </ClInclude>
    <ClInclude Include="Options.h">
      <Filter>Source Files</Filter>
    </ClInclude>
    <ClInclude Include="GfxAPI\Window.h">
      <Filter>Source Files\GfxAPI</Filter>
    </ClInclude>
  </ItemGroup>
</Project>